
Microsoft Visual Studio Solution File, Format Version 12.00
# Visual Studio Version 16
VisualStudioVersion = 16.0.31911.196
MinimumVisualStudioVersion = 10.0.40219.1
Project("{9A19103F-16F7-4668-BE54-9A1E7A4F7556}") = "Pelatis", "Pelatis\Pelatis.csproj", "{05617BED-1F5C-4E4B-9E04-8B0A05DF0CFF}"
EndProject
Project("{2150E333-8FDC-42A3-9474-1A3956D46DE8}") = "Solution Items", "Solution Items", "{A73F5BE7-DDC2-4FC7-88CF-CAABAF098FE5}"
EndProject
Global
	GlobalSection(SolutionConfigurationPlatforms) = preSolution
		Debug|Any CPU = Debug|Any CPU
		Release|Any CPU = Release|Any CPU
	EndGlobalSection
	GlobalSection(ProjectConfigurationPlatforms) = postSolution
		{05617BED-1F5C-4E4B-9E04-8B0A05DF0CFF}.Debug|Any CPU.ActiveCfg = Debug|Any CPU
		{05617BED-1F5C-4E4B-9E04-8B0A05DF0CFF}.Debug|Any CPU.Build.0 = Debug|Any CPU
		{05617BED-1F5C-4E4B-9E04-8B0A05DF0CFF}.Release|Any CPU.ActiveCfg = Release|Any CPU
		{05617BED-1F5C-4E4B-9E04-8B0A05DF0CFF}.Release|Any CPU.Build.0 = Release|Any CPU
	EndGlobalSection
	GlobalSection(SolutionProperties) = preSolution
		HideSolutionNode = FALSE
	EndGlobalSection
	GlobalSection(ExtensibilityGlobals) = postSolution
		SolutionGuid = {10395E28-27EA-4235-9298-76D9A9032E91}
	EndGlobalSection
EndGlobal
